
Microsoft Visual Studio Solution File, Format Version 12.00
# Visual Studio Version 16
VisualStudioVersion = 16.0.30907.101
MinimumVisualStudioVersion = 10.0.40219.1
Project("{FAE04EC0-301F-11D3-BF4B-00C04F79EFBC}") = "Api", "Api.csproj", "{37EFA97F-E554-4AE4-B3B2-7FA5C14E09D4}"
EndProject
Global
	GlobalSection(SolutionConfigurationPlatforms) = preSolution
		Debug|Any CPU = Debug|Any CPU
		Release|Any CPU = Release|Any CPU
	EndGlobalSection
	GlobalSection(ProjectConfigurationPlatforms) = postSolution
		{37EFA97F-E554-4AE4-B3B2-7FA5C14E09D4}.Debug|Any CPU.ActiveCfg = Debug|Any CPU
		{37EFA97F-E554-4AE4-B3B2-7FA5C14E09D4}.Debug|Any CPU.Build.0 = Debug|Any CPU
		{37EFA97F-E554-4AE4-B3B2-7FA5C14E09D4}.Release|Any CPU.ActiveCfg = Release|Any CPU
		{37EFA97F-E554-4AE4-B3B2-7FA5C14E09D4}.Release|Any CPU.Build.0 = Release|Any CPU
	EndGlobalSection
	GlobalSection(SolutionProperties) = preSolution
		HideSolutionNode = FALSE
	EndGlobalSection
	GlobalSection(ExtensibilityGlobals) = postSolution
		SolutionGuid = {A3F64E6D-AA70-44EF-A821-A4CF23B42B08}
	EndGlobalSection
EndGlobal
